{
  "name": "encode_jwt",
  "version": "1.0.0",
  "lockfileVersion": 1,
  "requires": true,
  "dependencies": {
    "jwt-encode": {
      "version": "1.0.1",
      "resolved": "https://registry.npmjs.org/jwt-encode/-/jwt-encode-1.0.1.tgz",
      "integrity": "sha512-QrGiNhynbAYyFdbC1GbjborzenSFs5Ga+2nE0uBokGXsH11xrgd1AX55HR7P+wGQyyZOn6LUO5iKlh74dlhBkA==",
      "requires": {
        "ts.cryptojs256": "^1.0.1"
      }
    },
    "ts.cryptojs256": {
      "version": "1.0.1",
      "resolved": "https://registry.npmjs.org/ts.cryptojs256/-/ts.cryptojs256-1.0.1.tgz",
      "integrity": "sha1-VqPTo7wCKtNYs+Ys2NrjIk2ThPE="
    }
  }
}
